// !$*UTF8*$!
{
	archiveVersion = 1;
	classes = {
	};
	objectVersion = 46;
	objects = {

/* Begin PBXBuildFile section */
		DFEF56811E06ACF700263804 /* AppDelegate.swift in Sources */ = {isa = PBXBuildFile; fileRef = DFEF56801E06ACF700263804 /* AppDelegate.swift */; };
		DFEF56831E06ACF700263804 /* ViewController.swift in Sources */ = {isa = PBXBuildFile; fileRef = DFEF56821E06ACF700263804 /* ViewController.swift */; };
		DFEF56861E06ACF700263804 /* Main.storyboard in Resources */ = {isa = PBXBuildFile; fileRef = DFEF56841E06ACF700263804 /* Main.storyboard */; };
		DFEF56891E06ACF700263804 /* FoodList_v_2.xcdatamodeld in Sources */ = {isa = PBXBuildFile; fileRef = DFEF56871E06ACF700263804 /* FoodList_v_2.xcdatamodeld */; };
		DFEF568B1E06ACF700263804 /* Assets.xcassets in Resources */ = {isa = PBXBuildFile; fileRef = DFEF568A1E06ACF700263804 /* Assets.xcassets */; };
		DFEF568E1E06ACF700263804 /* LaunchScreen.storyboard in Resources */ = {isa = PBXBuildFile; fileRef = DFEF568C1E06ACF700263804 /* LaunchScreen.storyboard */; };
/* End PBXBuildFile section */

/* Begin PBXFileReference section */
		DFEF567D1E06ACF700263804 /* FoodList_v_2.app */ = {isa = PBXFileReference; explicitFileType = wrapper.application; includeInIndex = 0; path = FoodList_v_2.app; sourceTree = BUILT_PRODUCTS_DIR; };
		DFEF56801E06ACF700263804 /* AppDelegate.swift */ = {isa = PBXFileReference; lastKnownFileType = sourcecode.swift; path = AppDelegate.swift; sourceTree = "<group>"; };
		DFEF56821E06ACF700263804 /* ViewController.swift */ = {isa = PBXFileReference; lastKnownFileType = sourcecode.swift; path = ViewController.swift; sourceTree = "<group>"; };
		DFEF56851E06ACF700263804 /* Base */ = {isa = PBXFileReference; lastKnownFileType = file.storyboard; name = Base; path = Base.lproj/Main.storyboard; sourceTree = "<group>"; };
		DFEF56881E06ACF700263804 /* FoodList_v_2.xcdatamodel */ = {isa = PBXFileReference; lastKnownFileType = wrapper.xcdatamodel; path = FoodList_v_2.xcdatamodel; sourceTree = "<group>"; };
		DFEF568A1E06ACF700263804 /* Assets.xcassets */ = {isa = PBXFileReference; lastKnownFileType = folder.assetcatalog; path = Assets.xcassets; sourceTree = "<group>"; };
		DFEF568D1E06ACF700263804 /* Base */ = {isa = PBXFileReference; lastKnownFileType = file.storyboard; name = Base; path = Base.lproj/LaunchScreen.storyboard; sourceTree = "<group>"; };
		DFEF568F1E06ACF700263804 /* Info.plist */ = {isa = PBXFileReference; lastKnownFileType = text.plist.xml; path = Info.plist; sourceTree = "<group>"; };
/* End PBXFileReference section */

/* Begin PBXFrameworksBuildPhase section */
		DFEF567A1E06ACF700263804 /* Frameworks */ = {
			isa = PBXFrameworksBuildPhase;
			buildActionMask = 2147483647;
			files = (
			);
			runOnlyForDeploymentPostprocessing = 0;
		};
/* End PBXFrameworksBuildPhase section */

/* Begin PBXGroup section */
		DFEF56741E06ACF700263804 = {
			isa = PBXGroup;
			children = (
				DFEF567F1E06ACF700263804 /* FoodList_v_2 */,
				DFEF567E1E06ACF700263804 /* Products */,
			);
			sourceTree = "<group>";
		};
		DFEF567E1E06ACF700263804 /* Products */ = {
			isa = PBXGroup;
			children = (
				DFEF567D1E06ACF700263804 /* FoodList_v_2.app */,
			);
			name = Products;
			sourceTree = "<group>";
		};
		DFEF567F1E06ACF700263804 /* FoodList_v_2 */ = {
			isa = PBXGroup;
			children = (
				DFEF56801E06ACF700263804 /* AppDelegate.swift */,
				DFEF56821E06ACF700263804 /* ViewController.swift */,
				DFEF56841E06ACF700263804 /* Main.storyboard */,
				DFEF568A1E06ACF700263804 /* Assets.xcassets */,
				DFEF568C1E06ACF700263804 /* LaunchScreen.storyboard */,
				DFEF568F1E06ACF700263804 /* Info.plist */,
				DFEF56871E06ACF700263804 /* FoodList_v_2.xcdatamodeld */,
			);
			path = FoodList_v_2;
			sourceTree = "<group>";
		};
/* End PBXGroup section */

/* Begin PBXNativeTarget section */
		DFEF567C1E06ACF700263804 /* FoodList_v_2 */ = {
			isa = PBXNativeTarget;
			buildConfigurationList = DFEF56921E06ACF700263804 /* Build configuration list for PBXNativeTarget "FoodList_v_2" */;
			buildPhases = (
				DFEF56791E06ACF700263804 /* Sources */,
				DFEF567A1E06ACF700263804 /* Frameworks */,
				DFEF567B1E06ACF700263804 /* Resources */,
			);
			buildRules = (
			);
			dependencies = (
			);
			name = FoodList_v_2;
			productName = FoodList_v_2;
			productReference = DFEF567D1E06ACF700263804 /* FoodList_v_2.app */;
			productType = "com.apple.product-type.application";
		};
/* End PBXNativeTarget section */

/* Begin PBXProject section */
		DFEF56751E06ACF700263804 /* Project object */ = {
			isa = PBXProject;
			attributes = {
				LastSwiftUpdateCheck = 0720;
				LastUpgradeCheck = 0720;
				ORGANIZATIONNAME = "Vlad Samoilov";
				TargetAttributes = {
					DFEF567C1E06ACF700263804 = {
						CreatedOnToolsVersion = 7.2.1;
					};
				};
			};
			buildConfigurationList = DFEF56781E06ACF700263804 /* Build configuration list for PBXProject "FoodList_v_2" */;
			compatibilityVersion = "Xcode 3.2";
			developmentRegion = English;
			hasScannedForEncodings = 0;
			knownRegions = (
				en,
				Base,
			);
			mainGroup = DFEF56741E06ACF700263804;
			productRefGroup = DFEF567E1E06ACF700263804 /* Products */;
			projectDirPath = "";
			projectRoot = "";
			targets = (
				DFEF567C1E06ACF700263804 /* FoodList_v_2 */,
			);
		};
/* End PBXProject section */

/* Begin PBXResourcesBuildPhase section */
		DFEF567B1E06ACF700263804 /* Resources */ = {
			isa = PBXResourcesBuildPhase;
			buildActionMask = 2147483647;
			files = (
				DFEF568E1E06ACF700263804 /* LaunchScreen.storyboard in Resources */,
				DFEF568B1E06ACF700263804 /* Assets.xcassets in Resources */,
				DFEF56861E06ACF700263804 /* Main.storyboard in Resources */,
			);
			runOnlyForDeploymentPostprocessing = 0;
		};
/* End PBXResourcesBuildPhase section */

/* Begin PBXSourcesBuildPhase section */
		DFEF56791E06ACF700263804 /* Sources */ = {
			isa = PBXSourcesBuildPhase;
			buildActionMask = 2147483647;
			files = (
				DFEF56891E06ACF700263804 /* FoodList_v_2.xcdatamodeld in Sources */,
				DFEF56831E06ACF700263804 /* ViewController.swift in Sources */,
				DFEF56811E06ACF700263804 /* AppDelegate.swift in Sources */,
			);
			runOnlyForDeploymentPostprocessing = 0;
		};
/* End PBXSourcesBuildPhase section */

/* Begin PBXVariantGroup section */
		DFEF56841E06ACF700263804 /* Main.storyboard */ = {
			isa = PBXVariantGroup;
			children = (
				DFEF56851E06ACF700263804 /* Base */,
			);
			name = Main.storyboard;
			sourceTree = "<group>";
		};
		DFEF568C1E06ACF700263804 /* LaunchScreen.storyboard */ = {
			isa = PBXVariantGroup;
			children = (
				DFEF568D1E06ACF700263804 /* Base */,
			);
			name = LaunchScreen.storyboard;
			sourceTree = "<group>";
		};
/* End PBXVariantGroup section */

/* Begin XCBuildConfiguration section */
		DFEF56901E06ACF700263804 /* Debug */ = {
			isa = XCBuildConfiguration;
			buildSettings = {
				ALWAYS_SEARCH_USER_PATHS = NO;
				CLANG_CXX_LANGUAGE_STANDARD = "gnu++0x";
				CLANG_CXX_LIBRARY = "libc++";
				CLANG_ENABLE_MODULES = YES;
				CLANG_ENABLE_OBJC_ARC = YES;
				CLANG_WARN_BOOL_CONVERSION = YES;
				CLANG_WARN_CONSTANT_CONVERSION = YES;
				CLANG_WARN_DIRECT_OBJC_ISA_USAGE = YES_ERROR;
				CLANG_WARN_EMPTY_BODY = YES;
				CLANG_WARN_ENUM_CONVERSION = YES;
				CLANG_WARN_INT_CONVERSION = YES;
				CLANG_WARN_OBJC_ROOT_CLASS = YES_ERROR;
				CLANG_WARN_UNREACHABLE_CODE = YES;
				CLANG_WARN__DUPLICATE_METHOD_MATCH = YES;
				"CODE_SIGN_IDENTITY[sdk=iphoneos*]" = "iPhone Developer";
				COPY_PHASE_STRIP = NO;
				DEBUG_INFORMATION_FORMAT = dwarf;
				ENABLE_STRICT_OBJC_MSGSEND = YES;
				ENABLE_TESTABILITY = YES;
				GCC_C_LANGUAGE_STANDARD = gnu99;
				GCC_DYNAMIC_NO_PIC = NO;
				GCC_NO_COMMON_BLOCKS = YES;
				GCC_OPTIMIZATION_LEVEL = 0;
				GCC_PREPROCESSOR_DEFINITIONS = (
					"DEBUG=1",
					"$(inherited)",
				);
				GCC_WARN_64_TO_32_BIT_CONVERSION = YES;
				GCC_WARN_ABOUT_RETURN_TYPE = YES_ERROR;
				GCC_WARN_UNDECLARED_SELECTOR = YES;
				GCC_WARN_UNINITIALIZED_AUTOS = YES_AGGRESSIVE;
				GCC_WARN_UNUSED_FUNCTION = YES;
				GCC_WARN_UNUSED_VARIABLE = YES;
				IPHONEOS_DEPLOYMENT_TARGET = 9.2;
				MTL_ENABLE_DEBUG_INFO = YES;
				ONLY_ACTIVE_ARCH = YES;
				SDKROOT = iphoneos;
				SWIFT_OPTIMIZATION_LEVEL = "-Onone";
			};
			name = Debug;
		};
		DFEF56911E06ACF700263804 /* Release */ = {
			isa = XCBuildConfiguration;
			buildSettings = {
				ALWAYS_SEARCH_USER_PATHS = NO;
				CLANG_CXX_LANGUAGE_STANDARD = "gnu++0x";
				CLANG_CXX_LIBRARY = "libc++";
				CLANG_ENABLE_MODULES = YES;
				CLANG_ENABLE_OBJC_ARC = YES;
				CLANG_WARN_BOOL_CONVERSION = YES;
				CLANG_WARN_CONSTANT_CONVERSION = YES;
				CLANG_WARN_DIRECT_OBJC_ISA_USAGE = YES_ERROR;
				CLANG_WARN_EMPTY_BODY = YES;
				CLANG_WARN_ENUM_CONVERSION = YES;
				CLANG_WARN_INT_CONVERSION = YES;
				CLANG_WARN_OBJC_ROOT_CLASS = YES_ERROR;
				CLANG_WARN_UNREACHABLE_CODE = YES;
				CLANG_WARN__DUPLICATE_METHOD_MATCH = YES;
				"CODE_SIGN_IDENTITY[sdk=iphoneos*]" = "iPhone Developer";
				COPY_PHASE_STRIP = NO;
				DEBUG_INFORMATION_FORMAT = "dwarf-with-dsym";
				ENABLE_NS_ASSERTIONS = NO;
				ENABLE_STRICT_OBJC_MSGSEND = YES;
				GCC_C_LANGUAGE_STANDARD = gnu99;
				GCC_NO_COMMON_BLOCKS = YES;
				GCC_WARN_64_TO_32_BIT_CONVERSION = YES;
				GCC_WARN_ABOUT_RETURN_TYPE = YES_ERROR;
				GCC_WARN_UNDECLARED_SELECTOR = YES;
				GCC_WARN_UNINITIALIZED_AUTOS = YES_AGGRESSIVE;
				GCC_WARN_UNUSED_FUNCTION = YES;
				GCC_WARN_UNUSED_VARIABLE = YES;
				IPHONEOS_DEPLOYMENT_TARGET = 9.2;
				MTL_ENABLE_DEBUG_INFO = NO;
				SDKROOT = iphoneos;
				VALIDATE_PRODUCT = YES;
			};
			name = Release;
		};
		DFEF56931E06ACF700263804 /* Debug */ = {
			isa = XCBuildConfiguration;
			buildSettings = {
				ASSETCATALOG_COMPILER_APPICON_NAME = AppIcon;
				INFOPLIST_FILE = FoodList_v_2/Info.plist;
				LD_RUNPATH_SEARCH_PATHS = "$(inherited) @executable_path/Frameworks";
				PRODUCT_BUNDLE_IDENTIFIER = "VS.FoodList-v-2";
				PRODUCT_NAME = "$(TARGET_NAME)";
			};
			name = Debug;
		};
		DFEF56941E06ACF700263804 /* Release */ = {
			isa = XCBuildConfiguration;
			buildSettings = {
				ASSETCATALOG_COMPILER_APPICON_NAME = AppIcon;
				INFOPLIST_FILE = FoodList_v_2/Info.plist;
				LD_RUNPATH_SEARCH_PATHS = "$(inherited) @executable_path/Frameworks";
				PRODUCT_BUNDLE_IDENTIFIER = "VS.FoodList-v-2";
				PRODUCT_NAME = "$(TARGET_NAME)";
			};
			name = Release;
		};
/* End XCBuildConfiguration section */

/* Begin XCConfigurationList section */
		DFEF56781E06ACF700263804 /* Build configuration list for PBXProject "FoodList_v_2" */ = {
			isa = XCConfigurationList;
			buildConfigurations = (
				DFEF56901E06ACF700263804 /* Debug */,
				DFEF56911E06ACF700263804 /* Release */,
			);
			defaultConfigurationIsVisible = 0;
			defaultConfigurationName = Release;
		};
		DFEF56921E06ACF700263804 /* Build configuration list for PBXNativeTarget "FoodList_v_2" */ = {
			isa = XCConfigurationList;
			buildConfigurations = (
				DFEF56931E06ACF700263804 /* Debug */,
				DFEF56941E06ACF700263804 /* Release */,
			);
			defaultConfigurationIsVisible = 0;
		};
/* End XCConfigurationList section */

/* Begin XCVersionGroup section */
		DFEF56871E06ACF700263804 /* FoodList_v_2.xcdatamodeld */ = {
			isa = XCVersionGroup;
			children = (
				DFEF56881E06ACF700263804 /* FoodList_v_2.xcdatamodel */,
			);
			currentVersion = DFEF56881E06ACF700263804 /* FoodList_v_2.xcdatamodel */;
			path = FoodList_v_2.xcdatamodeld;
			sourceTree = "<group>";
			versionGroupType = wrapper.xcdatamodel;
		};
/* End XCVersionGroup section */
	};
	rootObject = DFEF56751E06ACF700263804 /* Project object */;
}
